
Microsoft Visual Studio Solution File, Format Version 12.00
# Visual Studio Version 17
VisualStudioVersion = 17.11.35312.102
MinimumVisualStudioVersion = 10.0.40219.1
Project("{9A19103F-16F7-4668-BE54-9A1E7A4F7556}") = "DAL", "DAL\DAL.csproj", "{89B0CB48-ADC6-4A69-AA1B-D94F3181AAAC}"
EndProject
Project("{9A19103F-16F7-4668-BE54-9A1E7A4F7556}") = "BLL", "BLL\BLL.csproj", "{2D82862C-41E7-43AB-8C91-5227B6C3DFA8}"
EndProject
Project("{2150E333-8FDC-42A3-9474-1A3956D46DE8}") = "ApplicationCore", "ApplicationCore", "{498E0ED8-9EDF-46DB-9B17-463C20F052FC}"
EndProject
Project("{9A19103F-16F7-4668-BE54-9A1E7A4F7556}") = "DomainModel", "DomainModel\DomainModel.csproj", "{0AB76E91-7A9A-47A8-91AB-79A89FB2399E}"
EndProject
Project("{9A19103F-16F7-4668-BE54-9A1E7A4F7556}") = "Interfaces", "Interfaces\Interfaces.csproj", "{914AEC3A-E9B0-41EB-BBE9-BC008C954B5C}"
EndProject
Project("{2150E333-8FDC-42A3-9474-1A3956D46DE8}") = "Infrastructure", "Infrastructure", "{D266FC8E-D7BA-4FED-81D9-4F0627449E53}"
EndProject
Project("{2150E333-8FDC-42A3-9474-1A3956D46DE8}") = "Presentation", "Presentation", "{F8F55535-944E-4CF8-984A-255345610DFC}"
EndProject
Project("{9A19103F-16F7-4668-BE54-9A1E7A4F7556}") = "Lab5WebApp", "Lab5WebApp\Lab5WebApp.csproj", "{41E77993-5591-434E-A61F-A6DEF251F56A}"
EndProject
Project("{FAE04EC0-301F-11D3-BF4B-00C04F79EFBC}") = "Tests", "Tests\Tests.csproj", "{9888C794-F5B7-4FD0-87D7-6F25B522F1DD}"
EndProject
Global
	GlobalSection(SolutionConfigurationPlatforms) = preSolution
		Debug|Any CPU = Debug|Any CPU
		Release|Any CPU = Release|Any CPU
	EndGlobalSection
	GlobalSection(ProjectConfigurationPlatforms) = postSolution
		{89B0CB48-ADC6-4A69-AA1B-D94F3181AAAC}.Debug|Any CPU.ActiveCfg = Debug|Any CPU
		{89B0CB48-ADC6-4A69-AA1B-D94F3181AAAC}.Debug|Any CPU.Build.0 = Debug|Any CPU
		{89B0CB48-ADC6-4A69-AA1B-D94F3181AAAC}.Release|Any CPU.ActiveCfg = Release|Any CPU
		{89B0CB48-ADC6-4A69-AA1B-D94F3181AAAC}.Release|Any CPU.Build.0 = Release|Any CPU
		{2D82862C-41E7-43AB-8C91-5227B6C3DFA8}.Debug|Any CPU.ActiveCfg = Debug|Any CPU
		{2D82862C-41E7-43AB-8C91-5227B6C3DFA8}.Debug|Any CPU.Build.0 = Debug|Any CPU
		{2D82862C-41E7-43AB-8C91-5227B6C3DFA8}.Release|Any CPU.ActiveCfg = Release|Any CPU
		{2D82862C-41E7-43AB-8C91-5227B6C3DFA8}.Release|Any CPU.Build.0 = Release|Any CPU
		{0AB76E91-7A9A-47A8-91AB-79A89FB2399E}.Debug|Any CPU.ActiveCfg = Debug|Any CPU
		{0AB76E91-7A9A-47A8-91AB-79A89FB2399E}.Debug|Any CPU.Build.0 = Debug|Any CPU
		{0AB76E91-7A9A-47A8-91AB-79A89FB2399E}.Release|Any CPU.ActiveCfg = Release|Any CPU
		{0AB76E91-7A9A-47A8-91AB-79A89FB2399E}.Release|Any CPU.Build.0 = Release|Any CPU
		{914AEC3A-E9B0-41EB-BBE9-BC008C954B5C}.Debug|Any CPU.ActiveCfg = Debug|Any CPU
		{914AEC3A-E9B0-41EB-BBE9-BC008C954B5C}.Debug|Any CPU.Build.0 = Debug|Any CPU
		{914AEC3A-E9B0-41EB-BBE9-BC008C954B5C}.Release|Any CPU.ActiveCfg = Release|Any CPU
		{914AEC3A-E9B0-41EB-BBE9-BC008C954B5C}.Release|Any CPU.Build.0 = Release|Any CPU
		{41E77993-5591-434E-A61F-A6DEF251F56A}.Debug|Any CPU.ActiveCfg = Debug|Any CPU
		{41E77993-5591-434E-A61F-A6DEF251F56A}.Debug|Any CPU.Build.0 = Debug|Any CPU
		{41E77993-5591-434E-A61F-A6DEF251F56A}.Release|Any CPU.ActiveCfg = Release|Any CPU
		{41E77993-5591-434E-A61F-A6DEF251F56A}.Release|Any CPU.Build.0 = Release|Any CPU
		{9888C794-F5B7-4FD0-87D7-6F25B522F1DD}.Debug|Any CPU.ActiveCfg = Debug|Any CPU
		{9888C794-F5B7-4FD0-87D7-6F25B522F1DD}.Debug|Any CPU.Build.0 = Debug|Any CPU
		{9888C794-F5B7-4FD0-87D7-6F25B522F1DD}.Release|Any CPU.ActiveCfg = Release|Any CPU
		{9888C794-F5B7-4FD0-87D7-6F25B522F1DD}.Release|Any CPU.Build.0 = Release|Any CPU
	EndGlobalSection
	GlobalSection(SolutionProperties) = preSolution
		HideSolutionNode = FALSE
	EndGlobalSection
	GlobalSection(NestedProjects) = preSolution
		{89B0CB48-ADC6-4A69-AA1B-D94F3181AAAC} = {D266FC8E-D7BA-4FED-81D9-4F0627449E53}
		{2D82862C-41E7-43AB-8C91-5227B6C3DFA8} = {D266FC8E-D7BA-4FED-81D9-4F0627449E53}
		{0AB76E91-7A9A-47A8-91AB-79A89FB2399E} = {498E0ED8-9EDF-46DB-9B17-463C20F052FC}
		{914AEC3A-E9B0-41EB-BBE9-BC008C954B5C} = {498E0ED8-9EDF-46DB-9B17-463C20F052FC}
		{41E77993-5591-434E-A61F-A6DEF251F56A} = {F8F55535-944E-4CF8-984A-255345610DFC}
	EndGlobalSection
	GlobalSection(ExtensibilityGlobals) = postSolution
		SolutionGuid = {B6E89F3D-9297-4875-B89B-74561E843A32}
	EndGlobalSection
EndGlobal
